// !$*UTF8*$!
{
	archiveVersion = 1;
	classes = {
	};
	objectVersion = 77;
	objects = {

/* Begin PBXBuildFile section */
		C71C8EFE2CBFF96D00AC64BD /* ARCoreAugmentedFaces in Frameworks */ = {isa = PBXBuildFile; productRef = C71C8EFD2CBFF96D00AC64BD /* ARCoreAugmentedFaces */; };
		C71C8F002CBFF96D00AC64BD /* ARCoreCloudAnchors in Frameworks */ = {isa = PBXBuildFile; productRef = C71C8EFF2CBFF96D00AC64BD /* ARCoreCloudAnchors */; };
		C71C8F022CBFF96D00AC64BD /* ARCoreGARSession in Frameworks */ = {isa = PBXBuildFile; productRef = C71C8F012CBFF96D00AC64BD /* ARCoreGARSession */; };
		C71C8F042CBFF96D00AC64BD /* ARCoreGeospatial in Frameworks */ = {isa = PBXBuildFile; productRef = C71C8F032CBFF96D00AC64BD /* ARCoreGeospatial */; };
		C71C8F062CBFF96D00AC64BD /* ARCoreSemantics in Frameworks */ = {isa = PBXBuildFile; productRef = C71C8F052CBFF96D00AC64BD /* ARCoreSemantics */; };
/* End PBXBuildFile section */

/* Begin PBXFileReference section */
		C71C8EE02CBFF88200AC64BD /* GumamdongAR.app */ = {isa = PBXFileReference; explicitFileType = wrapper.application; includeInIndex = 0; path = GumamdongAR.app; sourceTree = BUILT_PRODUCTS_DIR; };
/* End PBXFileReference section */

/* Begin PBXFileSystemSynchronizedBuildFileExceptionSet section */
		C71C8F082CBFFA0600AC64BD /* Exceptions for "GumamdongAR" folder in "GumamdongAR" target */ = {
			isa = PBXFileSystemSynchronizedBuildFileExceptionSet;
			membershipExceptions = (
				Info.plist,
			);
			target = C71C8EDF2CBFF88200AC64BD /* GumamdongAR */;
		};
/* End PBXFileSystemSynchronizedBuildFileExceptionSet section */

/* Begin PBXFileSystemSynchronizedRootGroup section */
		C71C8EE22CBFF88200AC64BD /* GumamdongAR */ = {
			isa = PBXFileSystemSynchronizedRootGroup;
			exceptions = (
				C71C8F082CBFFA0600AC64BD /* Exceptions for "GumamdongAR" folder in "GumamdongAR" target */,
			);
			path = GumamdongAR;
			sourceTree = "<group>";
		};
/* End PBXFileSystemSynchronizedRootGroup section */

/* Begin PBXFrameworksBuildPhase section */
		C71C8EDD2CBFF88200AC64BD /* Frameworks */ = {
			isa = PBXFrameworksBuildPhase;
			buildActionMask = 2147483647;
			files = (
				C71C8F022CBFF96D00AC64BD /* ARCoreGARSession in Frameworks */,
				C71C8F042CBFF96D00AC64BD /* ARCoreGeospatial in Frameworks */,
				C71C8EFE2CBFF96D00AC64BD /* ARCoreAugmentedFaces in Frameworks */,
				C71C8F002CBFF96D00AC64BD /* ARCoreCloudAnchors in Frameworks */,
				C71C8F062CBFF96D00AC64BD /* ARCoreSemantics in Frameworks */,
			);
			runOnlyForDeploymentPostprocessing = 0;
		};
/* End PBXFrameworksBuildPhase section */

/* Begin PBXGroup section */
		C71C8ED72CBFF88200AC64BD = {
			isa = PBXGroup;
			children = (
				C71C8EE22CBFF88200AC64BD /* GumamdongAR */,
				C71C8EE12CBFF88200AC64BD /* Products */,
			);
			sourceTree = "<group>";
		};
		C71C8EE12CBFF88200AC64BD /* Products */ = {
			isa = PBXGroup;
			children = (
				C71C8EE02CBFF88200AC64BD /* GumamdongAR.app */,
			);
			name = Products;
			sourceTree = "<group>";
		};
/* End PBXGroup section */

/* Begin PBXNativeTarget section */
		C71C8EDF2CBFF88200AC64BD /* GumamdongAR */ = {
			isa = PBXNativeTarget;
			buildConfigurationList = C71C8EEF2CBFF88400AC64BD /* Build configuration list for PBXNativeTarget "GumamdongAR" */;
			buildPhases = (
				C71C8EDC2CBFF88200AC64BD /* Sources */,
				C71C8EDD2CBFF88200AC64BD /* Frameworks */,
				C71C8EDE2CBFF88200AC64BD /* Resources */,
			);
			buildRules = (
			);
			dependencies = (
			);
			fileSystemSynchronizedGroups = (
				C71C8EE22CBFF88200AC64BD /* GumamdongAR */,
			);
			name = GumamdongAR;
			packageProductDependencies = (
				C71C8EFD2CBFF96D00AC64BD /* ARCoreAugmentedFaces */,
				C71C8EFF2CBFF96D00AC64BD /* ARCoreCloudAnchors */,
				C71C8F012CBFF96D00AC64BD /* ARCoreGARSession */,
				C71C8F032CBFF96D00AC64BD /* ARCoreGeospatial */,
				C71C8F052CBFF96D00AC64BD /* ARCoreSemantics */,
			);
			productName = GumamdongAR;
			productReference = C71C8EE02CBFF88200AC64BD /* GumamdongAR.app */;
			productType = "com.apple.product-type.application";
		};
/* End PBXNativeTarget section */

/* Begin PBXProject section */
		C71C8ED82CBFF88200AC64BD /* Project object */ = {
			isa = PBXProject;
			attributes = {
				BuildIndependentTargetsInParallel = 1;
				LastSwiftUpdateCheck = 1600;
				LastUpgradeCheck = 1600;
				TargetAttributes = {
					C71C8EDF2CBFF88200AC64BD = {
						CreatedOnToolsVersion = 16.0;
					};
				};
			};
			buildConfigurationList = C71C8EDB2CBFF88200AC64BD /* Build configuration list for PBXProject "GumamdongAR" */;
			developmentRegion = en;
			hasScannedForEncodings = 0;
			knownRegions = (
				en,
				Base,
			);
			mainGroup = C71C8ED72CBFF88200AC64BD;
			minimizedProjectReferenceProxies = 1;
			packageReferences = (
				C71C8EFC2CBFF96D00AC64BD /* XCRemoteSwiftPackageReference "arcore-ios-sdk" */,
			);
			preferredProjectObjectVersion = 77;
			productRefGroup = C71C8EE12CBFF88200AC64BD /* Products */;
			projectDirPath = "";
			projectRoot = "";
			targets = (
				C71C8EDF2CBFF88200AC64BD /* GumamdongAR */,
			);
		};
/* End PBXProject section */

/* Begin PBXResourcesBuildPhase section */
		C71C8EDE2CBFF88200AC64BD /* Resources */ = {
			isa = PBXResourcesBuildPhase;
			buildActionMask = 2147483647;
			files = (
			);
			runOnlyForDeploymentPostprocessing = 0;
		};
/* End PBXResourcesBuildPhase section */

/* Begin PBXSourcesBuildPhase section */
		C71C8EDC2CBFF88200AC64BD /* Sources */ = {
			isa = PBXSourcesBuildPhase;
			buildActionMask = 2147483647;
			files = (
			);
			runOnlyForDeploymentPostprocessing = 0;
		};
/* End PBXSourcesBuildPhase section */

/* Begin XCBuildConfiguration section */
		C71C8EED2CBFF88400AC64BD /* Debug */ = {
			isa = XCBuildConfiguration;
			buildSettings = {
				ALWAYS_SEARCH_USER_PATHS = NO;
				ASSETCATALOG_COMPILER_GENERATE_SWIFT_ASSET_SYMBOL_EXTENSIONS = YES;
				CLANG_ANALYZER_NONNULL = YES;
				CLANG_ANALYZER_NUMBER_OBJECT_CONVERSION = YES_AGGRESSIVE;
				CLANG_CXX_LANGUAGE_STANDARD = "gnu++20";
				CLANG_ENABLE_MODULES = YES;
				CLANG_ENABLE_OBJC_ARC = YES;
				CLANG_ENABLE_OBJC_WEAK = YES;
				CLANG_WARN_BLOCK_CAPTURE_AUTORELEASING = YES;
				CLANG_WARN_BOOL_CONVERSION = YES;
				CLANG_WARN_COMMA = YES;
				CLANG_WARN_CONSTANT_CONVERSION = YES;
				CLANG_WARN_DEPRECATED_OBJC_IMPLEMENTATIONS = YES;
				CLANG_WARN_DIRECT_OBJC_ISA_USAGE = YES_ERROR;
				CLANG_WARN_DOCUMENTATION_COMMENTS = YES;
				CLANG_WARN_EMPTY_BODY = YES;
				CLANG_WARN_ENUM_CONVERSION = YES;
				CLANG_WARN_INFINITE_RECURSION = YES;
				CLANG_WARN_INT_CONVERSION = YES;
				CLANG_WARN_NON_LITERAL_NULL_CONVERSION = YES;
				CLANG_WARN_OBJC_IMPLICIT_RETAIN_SELF = YES;
				CLANG_WARN_OBJC_LITERAL_CONVERSION = YES;
				CLANG_WARN_OBJC_ROOT_CLASS = YES_ERROR;
				CLANG_WARN_QUOTED_INCLUDE_IN_FRAMEWORK_HEADER = YES;
				CLANG_WARN_RANGE_LOOP_ANALYSIS = YES;
				CLANG_WARN_STRICT_PROTOTYPES = YES;
				CLANG_WARN_SUSPICIOUS_MOVE = YES;
				CLANG_WARN_UNGUARDED_AVAILABILITY = YES_AGGRESSIVE;
				CLANG_WARN_UNREACHABLE_CODE = YES;
				CLANG_WARN__DUPLICATE_METHOD_MATCH = YES;
				COPY_PHASE_STRIP = NO;
				DEBUG_INFORMATION_FORMAT = dwarf;
				ENABLE_STRICT_OBJC_MSGSEND = YES;
				ENABLE_TESTABILITY = YES;
				ENABLE_USER_SCRIPT_SANDBOXING = YES;
				GCC_C_LANGUAGE_STANDARD = gnu17;
				GCC_DYNAMIC_NO_PIC = NO;
				GCC_NO_COMMON_BLOCKS = YES;
				GCC_OPTIMIZATION_LEVEL = 0;
				GCC_PREPROCESSOR_DEFINITIONS = (
					"DEBUG=1",
					"$(inherited)",
				);
				GCC_WARN_64_TO_32_BIT_CONVERSION = YES;
				GCC_WARN_ABOUT_RETURN_TYPE = YES_ERROR;
				GCC_WARN_UNDECLARED_SELECTOR = YES;
				GCC_WARN_UNINITIALIZED_AUTOS = YES_AGGRESSIVE;
				GCC_WARN_UNUSED_FUNCTION = YES;
				GCC_WARN_UNUSED_VARIABLE = YES;
				LOCALIZATION_PREFERS_STRING_CATALOGS = YES;
				MTL_ENABLE_DEBUG_INFO = INCLUDE_SOURCE;
				MTL_FAST_MATH = YES;
				ONLY_ACTIVE_ARCH = YES;
				SWIFT_ACTIVE_COMPILATION_CONDITIONS = "DEBUG $(inherited)";
				SWIFT_OPTIMIZATION_LEVEL = "-Onone";
			};
			name = Debug;
		};
		C71C8EEE2CBFF88400AC64BD /* Release */ = {
			isa = XCBuildConfiguration;
			buildSettings = {
				ALWAYS_SEARCH_USER_PATHS = NO;
				ASSETCATALOG_COMPILER_GENERATE_SWIFT_ASSET_SYMBOL_EXTENSIONS = YES;
				CLANG_ANALYZER_NONNULL = YES;
				CLANG_ANALYZER_NUMBER_OBJECT_CONVERSION = YES_AGGRESSIVE;
				CLANG_CXX_LANGUAGE_STANDARD = "gnu++20";
				CLANG_ENABLE_MODULES = YES;
				CLANG_ENABLE_OBJC_ARC = YES;
				CLANG_ENABLE_OBJC_WEAK = YES;
				CLANG_WARN_BLOCK_CAPTURE_AUTORELEASING = YES;
				CLANG_WARN_BOOL_CONVERSION = YES;
				CLANG_WARN_COMMA = YES;
				CLANG_WARN_CONSTANT_CONVERSION = YES;
				CLANG_WARN_DEPRECATED_OBJC_IMPLEMENTATIONS = YES;
				CLANG_WARN_DIRECT_OBJC_ISA_USAGE = YES_ERROR;
				CLANG_WARN_DOCUMENTATION_COMMENTS = YES;
				CLANG_WARN_EMPTY_BODY = YES;
				CLANG_WARN_ENUM_CONVERSION = YES;
				CLANG_WARN_INFINITE_RECURSION = YES;
				CLANG_WARN_INT_CONVERSION = YES;
				CLANG_WARN_NON_LITERAL_NULL_CONVERSION = YES;
				CLANG_WARN_OBJC_IMPLICIT_RETAIN_SELF = YES;
				CLANG_WARN_OBJC_LITERAL_CONVERSION = YES;
				CLANG_WARN_OBJC_ROOT_CLASS = YES_ERROR;
				CLANG_WARN_QUOTED_INCLUDE_IN_FRAMEWORK_HEADER = YES;
				CLANG_WARN_RANGE_LOOP_ANALYSIS = YES;
				CLANG_WARN_STRICT_PROTOTYPES = YES;
				CLANG_WARN_SUSPICIOUS_MOVE = YES;
				CLANG_WARN_UNGUARDED_AVAILABILITY = YES_AGGRESSIVE;
				CLANG_WARN_UNREACHABLE_CODE = YES;
				CLANG_WARN__DUPLICATE_METHOD_MATCH = YES;
				COPY_PHASE_STRIP = NO;
				DEBUG_INFORMATION_FORMAT = "dwarf-with-dsym";
				ENABLE_NS_ASSERTIONS = NO;
				ENABLE_STRICT_OBJC_MSGSEND = YES;
				ENABLE_USER_SCRIPT_SANDBOXING = YES;
				GCC_C_LANGUAGE_STANDARD = gnu17;
				GCC_NO_COMMON_BLOCKS = YES;
				GCC_WARN_64_TO_32_BIT_CONVERSION = YES;
				GCC_WARN_ABOUT_RETURN_TYPE = YES_ERROR;
				GCC_WARN_UNDECLARED_SELECTOR = YES;
				GCC_WARN_UNINITIALIZED_AUTOS = YES_AGGRESSIVE;
				GCC_WARN_UNUSED_FUNCTION = YES;
				GCC_WARN_UNUSED_VARIABLE = YES;
				LOCALIZATION_PREFERS_STRING_CATALOGS = YES;
				MTL_ENABLE_DEBUG_INFO = NO;
				MTL_FAST_MATH = YES;
				SWIFT_COMPILATION_MODE = wholemodule;
			};
			name = Release;
		};
		C71C8EF02CBFF88400AC64BD /* Debug */ = {
			isa = XCBuildConfiguration;
			buildSettings = {
				ASSETCATALOG_COMPILER_APPICON_NAME = AppIcon;
				ASSETCATALOG_COMPILER_GLOBAL_ACCENT_COLOR_NAME = AccentColor;
				CODE_SIGN_ENTITLEMENTS = GumamdongAR/GumamdongAR.entitlements;
				CODE_SIGN_STYLE = Automatic;
				CURRENT_PROJECT_VERSION = 1;
				DEVELOPMENT_ASSET_PATHS = "\"GumamdongAR/Preview Content\"";
				DEVELOPMENT_TEAM = Z7DU6436DS;
				ENABLE_HARDENED_RUNTIME = YES;
				ENABLE_PREVIEWS = YES;
				GENERATE_INFOPLIST_FILE = YES;
				INFOPLIST_FILE = GumamdongAR/Info.plist;
				INFOPLIST_KEY_NSCameraUsageDescription = "For AR Camera";
				INFOPLIST_KEY_NSLocationWhenInUseUsageDescription = "For Location Use";
				"INFOPLIST_KEY_UIApplicationSceneManifest_Generation[sdk=iphoneos*]" = YES;
				"INFOPLIST_KEY_UIApplicationSceneManifest_Generation[sdk=iphonesimulator*]" = YES;
				"INFOPLIST_KEY_UIApplicationSupportsIndirectInputEvents[sdk=iphoneos*]" = YES;
				"INFOPLIST_KEY_UIApplicationSupportsIndirectInputEvents[sdk=iphonesimulator*]" = YES;
				"INFOPLIST_KEY_UILaunchScreen_Generation[sdk=iphoneos*]" = YES;
				"INFOPLIST_KEY_UILaunchScreen_Generation[sdk=iphonesimulator*]" = YES;
				"INFOPLIST_KEY_UIStatusBarStyle[sdk=iphoneos*]" = UIStatusBarStyleDefault;
				"INFOPLIST_KEY_UIStatusBarStyle[sdk=iphonesimulator*]" = UIStatusBarStyleDefault;
				INFOPLIST_KEY_UISupportedInterfaceOrientations_iPad = "UIInterfaceOrientationPortrait UIInterfaceOrientationPortraitUpsideDown UIInterfaceOrientationLandscapeLeft UIInterfaceOrientationLandscapeRight";
				INFOPLIST_KEY_UISupportedInterfaceOrientations_iPhone = "UIInterfaceOrientationPortrait UIInterfaceOrientationLandscapeLeft UIInterfaceOrientationLandscapeRight";
				IPHONEOS_DEPLOYMENT_TARGET = 18.0;
				LD_RUNPATH_SEARCH_PATHS = "@executable_path/Frameworks";
				"LD_RUNPATH_SEARCH_PATHS[sdk=macosx*]" = "@executable_path/../Frameworks";
				MACOSX_DEPLOYMENT_TARGET = 15.0;
				MARKETING_VERSION = 1.0;
				OTHER_LDFLAGS = (
					"$(inherited)",
					"-ObjC",
				);
				PRODUCT_BUNDLE_IDENTIFIER = com.harry.GumamdongAR;
				PRODUCT_NAME = "$(TARGET_NAME)";
				SDKROOT = auto;
				SUPPORTED_PLATFORMS = "iphoneos iphonesimulator macosx xros xrsimulator";
				SWIFT_EMIT_LOC_STRINGS = YES;
				SWIFT_VERSION = 5.0;
				TARGETED_DEVICE_FAMILY = "1,2,7";
				XROS_DEPLOYMENT_TARGET = 2.0;
			};
			name = Debug;
		};
		C71C8EF12CBFF88400AC64BD /* Release */ = {
			isa = XCBuildConfiguration;
			buildSettings = {
				ASSETCATALOG_COMPILER_APPICON_NAME = AppIcon;
				ASSETCATALOG_COMPILER_GLOBAL_ACCENT_COLOR_NAME = AccentColor;
				CODE_SIGN_ENTITLEMENTS = GumamdongAR/GumamdongAR.entitlements;
				CODE_SIGN_STYLE = Automatic;
				CURRENT_PROJECT_VERSION = 1;
				DEVELOPMENT_ASSET_PATHS = "\"GumamdongAR/Preview Content\"";
				DEVELOPMENT_TEAM = Z7DU6436DS;
				ENABLE_HARDENED_RUNTIME = YES;
				ENABLE_PREVIEWS = YES;
				GENERATE_INFOPLIST_FILE = YES;
				INFOPLIST_FILE = GumamdongAR/Info.plist;
				INFOPLIST_KEY_NSCameraUsageDescription = "For AR Camera";
				INFOPLIST_KEY_NSLocationWhenInUseUsageDescription = "For Location Use";
				"INFOPLIST_KEY_UIApplicationSceneManifest_Generation[sdk=iphoneos*]" = YES;
				"INFOPLIST_KEY_UIApplicationSceneManifest_Generation[sdk=iphonesimulator*]" = YES;
				"INFOPLIST_KEY_UIApplicationSupportsIndirectInputEvents[sdk=iphoneos*]" = YES;
				"INFOPLIST_KEY_UIApplicationSupportsIndirectInputEvents[sdk=iphonesimulator*]" = YES;
				"INFOPLIST_KEY_UILaunchScreen_Generation[sdk=iphoneos*]" = YES;
				"INFOPLIST_KEY_UILaunchScreen_Generation[sdk=iphonesimulator*]" = YES;
				"INFOPLIST_KEY_UIStatusBarStyle[sdk=iphoneos*]" = UIStatusBarStyleDefault;
				"INFOPLIST_KEY_UIStatusBarStyle[sdk=iphonesimulator*]" = UIStatusBarStyleDefault;
				INFOPLIST_KEY_UISupportedInterfaceOrientations_iPad = "UIInterfaceOrientationPortrait UIInterfaceOrientationPortraitUpsideDown UIInterfaceOrientationLandscapeLeft UIInterfaceOrientationLandscapeRight";
				INFOPLIST_KEY_UISupportedInterfaceOrientations_iPhone = "UIInterfaceOrientationPortrait UIInterfaceOrientationLandscapeLeft UIInterfaceOrientationLandscapeRight";
				IPHONEOS_DEPLOYMENT_TARGET = 18.0;
				LD_RUNPATH_SEARCH_PATHS = "@executable_path/Frameworks";
				"LD_RUNPATH_SEARCH_PATHS[sdk=macosx*]" = "@executable_path/../Frameworks";
				MACOSX_DEPLOYMENT_TARGET = 15.0;
				MARKETING_VERSION = 1.0;
				OTHER_LDFLAGS = (
					"$(inherited)",
					"-ObjC",
				);
				PRODUCT_BUNDLE_IDENTIFIER = com.harry.GumamdongAR;
				PRODUCT_NAME = "$(TARGET_NAME)";
				SDKROOT = auto;
				SUPPORTED_PLATFORMS = "iphoneos iphonesimulator macosx xros xrsimulator";
				SWIFT_EMIT_LOC_STRINGS = YES;
				SWIFT_VERSION = 5.0;
				TARGETED_DEVICE_FAMILY = "1,2,7";
				XROS_DEPLOYMENT_TARGET = 2.0;
			};
			name = Release;
		};
/* End XCBuildConfiguration section */

/* Begin XCConfigurationList section */
		C71C8EDB2CBFF88200AC64BD /* Build configuration list for PBXProject "GumamdongAR" */ = {
			isa = XCConfigurationList;
			buildConfigurations = (
				C71C8EED2CBFF88400AC64BD /* Debug */,
				C71C8EEE2CBFF88400AC64BD /* Release */,
			);
			defaultConfigurationIsVisible = 0;
			defaultConfigurationName = Release;
		};
		C71C8EEF2CBFF88400AC64BD /* Build configuration list for PBXNativeTarget "GumamdongAR" */ = {
			isa = XCConfigurationList;
			buildConfigurations = (
				C71C8EF02CBFF88400AC64BD /* Debug */,
				C71C8EF12CBFF88400AC64BD /* Release */,
			);
			defaultConfigurationIsVisible = 0;
			defaultConfigurationName = Release;
		};
/* End XCConfigurationList section */

/* Begin XCRemoteSwiftPackageReference section */
		C71C8EFC2CBFF96D00AC64BD /* XCRemoteSwiftPackageReference "arcore-ios-sdk" */ = {
			isa = XCRemoteSwiftPackageReference;
			repositoryURL = "https://github.com/google-ar/arcore-ios-sdk";
			requirement = {
				kind = upToNextMajorVersion;
				minimumVersion = 1.46.0;
			};
		};
/* End XCRemoteSwiftPackageReference section */

/* Begin XCSwiftPackageProductDependency section */
		C71C8EFD2CBFF96D00AC64BD /* ARCoreAugmentedFaces */ = {
			isa = XCSwiftPackageProductDependency;
			package = C71C8EFC2CBFF96D00AC64BD /* XCRemoteSwiftPackageReference "arcore-ios-sdk" */;
			productName = ARCoreAugmentedFaces;
		};
		C71C8EFF2CBFF96D00AC64BD /* ARCoreCloudAnchors */ = {
			isa = XCSwiftPackageProductDependency;
			package = C71C8EFC2CBFF96D00AC64BD /* XCRemoteSwiftPackageReference "arcore-ios-sdk" */;
			productName = ARCoreCloudAnchors;
		};
		C71C8F012CBFF96D00AC64BD /* ARCoreGARSession */ = {
			isa = XCSwiftPackageProductDependency;
			package = C71C8EFC2CBFF96D00AC64BD /* XCRemoteSwiftPackageReference "arcore-ios-sdk" */;
			productName = ARCoreGARSession;
		};
		C71C8F032CBFF96D00AC64BD /* ARCoreGeospatial */ = {
			isa = XCSwiftPackageProductDependency;
			package = C71C8EFC2CBFF96D00AC64BD /* XCRemoteSwiftPackageReference "arcore-ios-sdk" */;
			productName = ARCoreGeospatial;
		};
		C71C8F052CBFF96D00AC64BD /* ARCoreSemantics */ = {
			isa = XCSwiftPackageProductDependency;
			package = C71C8EFC2CBFF96D00AC64BD /* XCRemoteSwiftPackageReference "arcore-ios-sdk" */;
			productName = ARCoreSemantics;
		};
/* End XCSwiftPackageProductDependency section */
	};
	rootObject = C71C8ED82CBFF88200AC64BD /* Project object */;
}
